
Microsoft Visual Studio Solution File, Format Version 12.00
# Visual Studio 15
VisualStudioVersion = 15.0.28307.1800
MinimumVisualStudioVersion = 10.0.40219.1
Project("{FAE04EC0-301F-11D3-BF4B-00C04F79EFBC}") = "STLio", "STLio\STLio.csproj", "{33FBB4B6-C1A7-4F8D-AFD8-A662F01B0094}"
EndProject
Global
	GlobalSection(SolutionConfigurationPlatforms) = preSolution
		Debug|Any CPU = Debug|Any CPU
		Release|Any CPU = Release|Any CPU
	EndGlobalSection
	GlobalSection(ProjectConfigurationPlatforms) = postSolution
		{33FBB4B6-C1A7-4F8D-AFD8-A662F01B0094}.Debug|Any CPU.ActiveCfg = Debug|Any CPU
		{33FBB4B6-C1A7-4F8D-AFD8-A662F01B0094}.Debug|Any CPU.Build.0 = Debug|Any CPU
		{33FBB4B6-C1A7-4F8D-AFD8-A662F01B0094}.Release|Any CPU.ActiveCfg = Release|Any CPU
		{33FBB4B6-C1A7-4F8D-AFD8-A662F01B0094}.Release|Any CPU.Build.0 = Release|Any CPU
	EndGlobalSection
	GlobalSection(SolutionProperties) = preSolution
		HideSolutionNode = FALSE
	EndGlobalSection
	GlobalSection(ExtensibilityGlobals) = postSolution
		SolutionGuid = {8F44F860-94D2-420E-A1FC-720C6A5F143A}
	EndGlobalSection
EndGlobal
